
Microsoft Visual Studio Solution File, Format Version 12.00
# Visual Studio Version 17
VisualStudioVersion = 17.2.32526.322
MinimumVisualStudioVersion = 10.0.40219.1
Project("{FAE04EC0-301F-11D3-BF4B-00C04F79EFBC}") = "ui2", "ui2\ui2.csproj", "{5F3893F7-DB17-4D5B-81B1-7F088596DD77}"
EndProject
Global
	GlobalSection(SolutionConfigurationPlatforms) = preSolution
		Debug|Any CPU = Debug|Any CPU
		Release|Any CPU = Release|Any CPU
	EndGlobalSection
	GlobalSection(ProjectConfigurationPlatforms) = postSolution
		{5F3893F7-DB17-4D5B-81B1-7F088596DD77}.Debug|Any CPU.ActiveCfg = Debug|Any CPU
		{5F3893F7-DB17-4D5B-81B1-7F088596DD77}.Debug|Any CPU.Build.0 = Debug|Any CPU
		{5F3893F7-DB17-4D5B-81B1-7F088596DD77}.Release|Any CPU.ActiveCfg = Release|Any CPU
		{5F3893F7-DB17-4D5B-81B1-7F088596DD77}.Release|Any CPU.Build.0 = Release|Any CPU
	EndGlobalSection
	GlobalSection(SolutionProperties) = preSolution
		HideSolutionNode = FALSE
	EndGlobalSection
	GlobalSection(ExtensibilityGlobals) = postSolution
		SolutionGuid = {622032EB-6AF0-4054-97AA-97CAF3DB0C3D}
	EndGlobalSection
EndGlobal
